
Microsoft Visual Studio Solution File, Format Version 12.00
# Visual Studio Version 16
VisualStudioVersion = 16.0.30523.141
MinimumVisualStudioVersion = 10.0.40219.1
Project("{FAE04EC0-301F-11D3-BF4B-00C04F79EFBC}") = "ConSummerMVC", "ConSummerMVC.csproj", "{DD6D024C-26E9-49B2-9B07-10CAA4915EE8}"
EndProject
Global
	GlobalSection(SolutionConfigurationPlatforms) = preSolution
		Debug|Any CPU = Debug|Any CPU
		Release|Any CPU = Release|Any CPU
	EndGlobalSection
	GlobalSection(ProjectConfigurationPlatforms) = postSolution
		{DD6D024C-26E9-49B2-9B07-10CAA4915EE8}.Debug|Any CPU.ActiveCfg = Debug|Any CPU
		{DD6D024C-26E9-49B2-9B07-10CAA4915EE8}.Debug|Any CPU.Build.0 = Debug|Any CPU
		{DD6D024C-26E9-49B2-9B07-10CAA4915EE8}.Release|Any CPU.ActiveCfg = Release|Any CPU
		{DD6D024C-26E9-49B2-9B07-10CAA4915EE8}.Release|Any CPU.Build.0 = Release|Any CPU
	EndGlobalSection
	GlobalSection(SolutionProperties) = preSolution
		HideSolutionNode = FALSE
	EndGlobalSection
	GlobalSection(ExtensibilityGlobals) = postSolution
		SolutionGuid = {1433E839-9234-47E8-8BE3-ED0DAB388045}
	EndGlobalSection
EndGlobal
